
Microsoft Visual Studio Solution File, Format Version 12.00
Project("{FAE04EC0-301F-11D3-BF4B-00C04F79EFBC}") = "Warehouse", "Warehouse.csproj", "{44B3E552-1CD1-4DA4-B2D9-E7235C7E70EA}"
EndProject
Global
	GlobalSection(SolutionConfigurationPlatforms) = preSolution
		Debug|Any CPU = Debug|Any CPU
		Release|Any CPU = Release|Any CPU
	EndGlobalSection
	GlobalSection(ProjectConfigurationPlatforms) = postSolution
		{44B3E552-1CD1-4DA4-B2D9-E7235C7E70EA}.Debug|Any CPU.ActiveCfg = Debug|Any CPU
		{44B3E552-1CD1-4DA4-B2D9-E7235C7E70EA}.Debug|Any CPU.Build.0 = Debug|Any CPU
		{44B3E552-1CD1-4DA4-B2D9-E7235C7E70EA}.Release|Any CPU.ActiveCfg = Release|Any CPU
		{44B3E552-1CD1-4DA4-B2D9-E7235C7E70EA}.Release|Any CPU.Build.0 = Release|Any CPU
	EndGlobalSection
EndGlobal
